
Microsoft Visual Studio Solution File, Format Version 11.00
# Visual Studio 2010
Project("{FAE04EC0-301F-11D3-BF4B-00C04F79EFBC}") = "BayesianSpamFilter", "BayesianSpamFilter\BayesianSpamFilter.csproj", "{fdcef013-a211-4a30-8de5-07342048412c}"
EndProject
Global
	GlobalSection(SolutionConfigurationPlatforms) = preSolution
		Debug|Any CPU = Debug|Any CPU
		Release|Any CPU = Release|Any CPU
	EndGlobalSection
	GlobalSection(ProjectConfigurationPlatforms) = postSolution
		{FDCEF013-A211-4A30-8DE5-07342048412C}.Debug|Any CPU.ActiveCfg = Debug|Any CPU
		{FDCEF013-A211-4A30-8DE5-07342048412C}.Debug|Any CPU.Build.0 = Debug|Any CPU
		{FDCEF013-A211-4A30-8DE5-07342048412C}.Release|Any CPU.ActiveCfg = Release|Any CPU
		{FDCEF013-A211-4A30-8DE5-07342048412C}.Release|Any CPU.Build.0 = Release|Any CPU
	EndGlobalSection
EndGlobal
